
Microsoft Visual Studio Solution File, Format Version 12.00
# Visual Studio Express 2012 for Windows Desktop
Project("{8BC9CEB8-8B4A-11D0-8D11-00A0C91BC942}") = "Warehouse_Inventory_Management", "Warehouse_Inventory_Management\Warehouse_Inventory_Management.vcxproj", "{93B88CDB-0B69-4A75-9F3E-30064E80E7B1}"
EndProject
Global
	GlobalSection(SolutionConfigurationPlatforms) = preSolution
		Debug|Win32 = Debug|Win32
		Release|Win32 = Release|Win32
	EndGlobalSection
	GlobalSection(ProjectConfigurationPlatforms) = postSolution
		{93B88CDB-0B69-4A75-9F3E-30064E80E7B1}.Debug|Win32.ActiveCfg = Debug|Win32
		{93B88CDB-0B69-4A75-9F3E-30064E80E7B1}.Debug|Win32.Build.0 = Debug|Win32
		{93B88CDB-0B69-4A75-9F3E-30064E80E7B1}.Release|Win32.ActiveCfg = Release|Win32
		{93B88CDB-0B69-4A75-9F3E-30064E80E7B1}.Release|Win32.Build.0 = Release|Win32
	EndGlobalSection
	GlobalSection(SolutionProperties) = preSolution
		HideSolutionNode = FALSE
	EndGlobalSection
EndGlobal
